schema: '2.0'
stages:
  pipeline:
    cmd: python ./train_model.py
    deps:
    - path: train_model.py
      md5: cd6d0126f746a710cab389c70b7fa3c6
      size: 1230
    params:
      params.yaml:
        dropout1: 0.02
        dropout2: 0.5
        epochs: 10
        lr: 0.0004
        n_units_l1: 512
        n_units_l2: 256
        n_units_l3: 256
        n_units_l4: 128
    outs:
    - path: fbeta.json
      md5: 12168a28021c8a3369baddb23fecf35d
      size: 28
